
Microsoft Visual Studio Solution File, Format Version 12.00
# Visual Studio 14
VisualStudioVersion = 14.0.25420.1
MinimumVisualStudioVersion = 10.0.40219.1
Project("{FAE04EC0-301F-11D3-BF4B-00C04F79EFBC}") = "UruIT.GameOfDrones.Api", "UruIT.GameOfDrones.Api\UruIT.GameOfDrones.Api.csproj", "{488895CE-4535-40E6-BFB8-1395BBBB7AF8}"
EndProject
Project("{FAE04EC0-301F-11D3-BF4B-00C04F79EFBC}") = "UruIT.GameOfDrones.Model", "UruIT.GameOfDrones.Model\UruIT.GameOfDrones.Model.csproj", "{3A07F173-56BF-4BA0-B34B-25312667828F}"
EndProject
Project("{FAE04EC0-301F-11D3-BF4B-00C04F79EFBC}") = "UruIT.GameOfDrones.Configuration", "UruIT.GameOfDrones.Configuration\UruIT.GameOfDrones.Configuration.csproj", "{0C326005-7714-4AEB-87B1-CF1FF77767FD}"
EndProject
Project("{FAE04EC0-301F-11D3-BF4B-00C04F79EFBC}") = "UruIT.GameOfDrones.Dtl", "UruIT.GameOfDrones.Dtl\UruIT.GameOfDrones.Dtl.csproj", "{C8535113-4550-4DC8-BEC8-044972460356}"
EndProject
Project("{FAE04EC0-301F-11D3-BF4B-00C04F79EFBC}") = "UruIT.GameOfDrones.Dal", "UruIT.GameOfDrones.Dal\UruIT.GameOfDrones.Dal.csproj", "{26FB8E9D-F9B8-42DA-A902-CBE0A973B7E7}"
EndProject
Project("{FAE04EC0-301F-11D3-BF4B-00C04F79EFBC}") = "UruIT.GameOfDrones.Common", "UruIT.GameOfDrones.Common\UruIT.GameOfDrones.Common.csproj", "{24A32A1A-D990-4732-ADA1-C25EB0D06906}"
EndProject
Project("{FAE04EC0-301F-11D3-BF4B-00C04F79EFBC}") = "UruIT.GameOfDrones.Bll", "UruIT.GameOfDrones.Bll\UruIT.GameOfDrones.Bll.csproj", "{9EB69B7A-2AD4-46D4-BAE8-172B43549962}"
EndProject
Project("{2150E333-8FDC-42A3-9474-1A3956D46DE8}") = "SonarQube", "SonarQube", "{F1DAAD1E-33C4-4D76-8950-7258B98AFD75}"
	ProjectSection(SolutionItems) = preProject
		SonarQube\SAS_16CSharp.ruleset = SonarQube\SAS_16CSharp.ruleset
		SonarQube\SolutionBinding.sqconfig = SonarQube\SolutionBinding.sqconfig
	EndProjectSection
EndProject
Global
	GlobalSection(SolutionConfigurationPlatforms) = preSolution
		Debug|Any CPU = Debug|Any CPU
		Release|Any CPU = Release|Any CPU
	EndGlobalSection
	GlobalSection(ProjectConfigurationPlatforms) = postSolution
		{488895CE-4535-40E6-BFB8-1395BBBB7AF8}.Debug|Any CPU.ActiveCfg = Debug|Any CPU
		{488895CE-4535-40E6-BFB8-1395BBBB7AF8}.Debug|Any CPU.Build.0 = Debug|Any CPU
		{488895CE-4535-40E6-BFB8-1395BBBB7AF8}.Release|Any CPU.ActiveCfg = Release|Any CPU
		{488895CE-4535-40E6-BFB8-1395BBBB7AF8}.Release|Any CPU.Build.0 = Release|Any CPU
		{3A07F173-56BF-4BA0-B34B-25312667828F}.Debug|Any CPU.ActiveCfg = Debug|Any CPU
		{3A07F173-56BF-4BA0-B34B-25312667828F}.Debug|Any CPU.Build.0 = Debug|Any CPU
		{3A07F173-56BF-4BA0-B34B-25312667828F}.Release|Any CPU.ActiveCfg = Release|Any CPU
		{3A07F173-56BF-4BA0-B34B-25312667828F}.Release|Any CPU.Build.0 = Release|Any CPU
		{0C326005-7714-4AEB-87B1-CF1FF77767FD}.Debug|Any CPU.ActiveCfg = Debug|Any CPU
		{0C326005-7714-4AEB-87B1-CF1FF77767FD}.Debug|Any CPU.Build.0 = Debug|Any CPU
		{0C326005-7714-4AEB-87B1-CF1FF77767FD}.Release|Any CPU.ActiveCfg = Release|Any CPU
		{0C326005-7714-4AEB-87B1-CF1FF77767FD}.Release|Any CPU.Build.0 = Release|Any CPU
		{C8535113-4550-4DC8-BEC8-044972460356}.Debug|Any CPU.ActiveCfg = Debug|Any CPU
		{C8535113-4550-4DC8-BEC8-044972460356}.Debug|Any CPU.Build.0 = Debug|Any CPU
		{C8535113-4550-4DC8-BEC8-044972460356}.Release|Any CPU.ActiveCfg = Release|Any CPU
		{C8535113-4550-4DC8-BEC8-044972460356}.Release|Any CPU.Build.0 = Release|Any CPU
		{26FB8E9D-F9B8-42DA-A902-CBE0A973B7E7}.Debug|Any CPU.ActiveCfg = Debug|Any CPU
		{26FB8E9D-F9B8-42DA-A902-CBE0A973B7E7}.Debug|Any CPU.Build.0 = Debug|Any CPU
		{26FB8E9D-F9B8-42DA-A902-CBE0A973B7E7}.Release|Any CPU.ActiveCfg = Release|Any CPU
		{26FB8E9D-F9B8-42DA-A902-CBE0A973B7E7}.Release|Any CPU.Build.0 = Release|Any CPU
		{24A32A1A-D990-4732-ADA1-C25EB0D06906}.Debug|Any CPU.ActiveCfg = Debug|Any CPU
		{24A32A1A-D990-4732-ADA1-C25EB0D06906}.Debug|Any CPU.Build.0 = Debug|Any CPU
		{24A32A1A-D990-4732-ADA1-C25EB0D06906}.Release|Any CPU.ActiveCfg = Release|Any CPU
		{24A32A1A-D990-4732-ADA1-C25EB0D06906}.Release|Any CPU.Build.0 = Release|Any CPU
		{9EB69B7A-2AD4-46D4-BAE8-172B43549962}.Debug|Any CPU.ActiveCfg = Debug|Any CPU
		{9EB69B7A-2AD4-46D4-BAE8-172B43549962}.Debug|Any CPU.Build.0 = Debug|Any CPU
		{9EB69B7A-2AD4-46D4-BAE8-172B43549962}.Release|Any CPU.ActiveCfg = Release|Any CPU
		{9EB69B7A-2AD4-46D4-BAE8-172B43549962}.Release|Any CPU.Build.0 = Release|Any CPU
	EndGlobalSection
	GlobalSection(SolutionProperties) = preSolution
		HideSolutionNode = FALSE
	EndGlobalSection
EndGlobal
